
Microsoft Visual Studio Solution File, Format Version 12.00
# Visual Studio Version 17
VisualStudioVersion = 17.3.32825.248
MinimumVisualStudioVersion = 10.0.40219.1
Project("{FAE04EC0-301F-11D3-BF4B-00C04F79EFBC}") = "Laba5_Task1", "Laba5_Task1.csproj", "{163C9822-243F-4E53-AB58-082D2985FAE7}"
EndProject
Global
	GlobalSection(SolutionConfigurationPlatforms) = preSolution
		Debug|Any CPU = Debug|Any CPU
		Release|Any CPU = Release|Any CPU
	EndGlobalSection
	GlobalSection(ProjectConfigurationPlatforms) = postSolution
		{163C9822-243F-4E53-AB58-082D2985FAE7}.Debug|Any CPU.ActiveCfg = Debug|Any CPU
		{163C9822-243F-4E53-AB58-082D2985FAE7}.Debug|Any CPU.Build.0 = Debug|Any CPU
		{163C9822-243F-4E53-AB58-082D2985FAE7}.Release|Any CPU.ActiveCfg = Release|Any CPU
		{163C9822-243F-4E53-AB58-082D2985FAE7}.Release|Any CPU.Build.0 = Release|Any CPU
	EndGlobalSection
	GlobalSection(SolutionProperties) = preSolution
		HideSolutionNode = FALSE
	EndGlobalSection
	GlobalSection(ExtensibilityGlobals) = postSolution
		SolutionGuid = {8A9BD4E4-9DFE-413B-93D4-E942818617FF}
	EndGlobalSection
EndGlobal
